
Microsoft Visual Studio Solution File, Format Version 12.00
# Visual Studio Version 17
VisualStudioVersion = 17.4.33213.308
MinimumVisualStudioVersion = 10.0.40219.1
Project("{9A19103F-16F7-4668-BE54-9A1E7A4F7556}") = "TicTacToe", "TicTacToe\TicTacToe.csproj", "{72C3C461-1C6D-4499-820A-84D40985E74B}"
EndProject
Project("{FAE04EC0-301F-11D3-BF4B-00C04F79EFBC}") = "TicTacToeApi", "TicTacToeApi\TicTacToeApi.csproj", "{03AC2C62-9FF9-466C-8355-2AAD03D5238C}"
EndProject
Project("{FAE04EC0-301F-11D3-BF4B-00C04F79EFBC}") = "TicTacToeService", "TicTacToeService\TicTacToeService.csproj", "{1F4F1890-F802-4142-A101-8C214274A08C}"
EndProject
Global
	GlobalSection(SolutionConfigurationPlatforms) = preSolution
		Debug|Any CPU = Debug|Any CPU
		Release|Any CPU = Release|Any CPU
	EndGlobalSection
	GlobalSection(ProjectConfigurationPlatforms) = postSolution
		{72C3C461-1C6D-4499-820A-84D40985E74B}.Debug|Any CPU.ActiveCfg = Debug|Any CPU
		{72C3C461-1C6D-4499-820A-84D40985E74B}.Debug|Any CPU.Build.0 = Debug|Any CPU
		{72C3C461-1C6D-4499-820A-84D40985E74B}.Release|Any CPU.ActiveCfg = Release|Any CPU
		{72C3C461-1C6D-4499-820A-84D40985E74B}.Release|Any CPU.Build.0 = Release|Any CPU
		{03AC2C62-9FF9-466C-8355-2AAD03D5238C}.Debug|Any CPU.ActiveCfg = Debug|Any CPU
		{03AC2C62-9FF9-466C-8355-2AAD03D5238C}.Debug|Any CPU.Build.0 = Debug|Any CPU
		{03AC2C62-9FF9-466C-8355-2AAD03D5238C}.Release|Any CPU.ActiveCfg = Release|Any CPU
		{03AC2C62-9FF9-466C-8355-2AAD03D5238C}.Release|Any CPU.Build.0 = Release|Any CPU
		{1F4F1890-F802-4142-A101-8C214274A08C}.Debug|Any CPU.ActiveCfg = Debug|Any CPU
		{1F4F1890-F802-4142-A101-8C214274A08C}.Debug|Any CPU.Build.0 = Debug|Any CPU
		{1F4F1890-F802-4142-A101-8C214274A08C}.Release|Any CPU.ActiveCfg = Release|Any CPU
		{1F4F1890-F802-4142-A101-8C214274A08C}.Release|Any CPU.Build.0 = Release|Any CPU
	EndGlobalSection
	GlobalSection(SolutionProperties) = preSolution
		HideSolutionNode = FALSE
	EndGlobalSection
	GlobalSection(ExtensibilityGlobals) = postSolution
		SolutionGuid = {AEB01243-D1A1-4954-B080-0E9A59C3BDC6}
	EndGlobalSection
EndGlobal
